
Microsoft Visual Studio Solution File, Format Version 12.00
# Visual Studio Version 17
VisualStudioVersion = 17.4.33122.133
MinimumVisualStudioVersion = 10.0.40219.1
Project("{9A19103F-16F7-4668-BE54-9A1E7A4F7556}") = "GUI", "GUI.csproj", "{02E1EC51-3A63-4C34-873D-8C998DC2EB67}"
EndProject
Project("{9A19103F-16F7-4668-BE54-9A1E7A4F7556}") = "Buisness Logic", "..\Buisness Logic\Buisness Logic.csproj", "{67AD37FE-FE33-462F-9808-947DE15D0D5B}"
EndProject
Global
	GlobalSection(SolutionConfigurationPlatforms) = preSolution
		Debug|Any CPU = Debug|Any CPU
		Release|Any CPU = Release|Any CPU
	EndGlobalSection
	GlobalSection(ProjectConfigurationPlatforms) = postSolution
		{02E1EC51-3A63-4C34-873D-8C998DC2EB67}.Debug|Any CPU.ActiveCfg = Debug|Any CPU
		{02E1EC51-3A63-4C34-873D-8C998DC2EB67}.Debug|Any CPU.Build.0 = Debug|Any CPU
		{02E1EC51-3A63-4C34-873D-8C998DC2EB67}.Release|Any CPU.ActiveCfg = Release|Any CPU
		{02E1EC51-3A63-4C34-873D-8C998DC2EB67}.Release|Any CPU.Build.0 = Release|Any CPU
		{67AD37FE-FE33-462F-9808-947DE15D0D5B}.Debug|Any CPU.ActiveCfg = Debug|Any CPU
		{67AD37FE-FE33-462F-9808-947DE15D0D5B}.Debug|Any CPU.Build.0 = Debug|Any CPU
		{67AD37FE-FE33-462F-9808-947DE15D0D5B}.Release|Any CPU.ActiveCfg = Release|Any CPU
		{67AD37FE-FE33-462F-9808-947DE15D0D5B}.Release|Any CPU.Build.0 = Release|Any CPU
	EndGlobalSection
	GlobalSection(SolutionProperties) = preSolution
		HideSolutionNode = FALSE
	EndGlobalSection
	GlobalSection(ExtensibilityGlobals) = postSolution
		SolutionGuid = {B1AF527D-34FD-42AF-A022-653F8A2F58D0}
	EndGlobalSection
EndGlobal
